
Microsoft Visual Studio Solution File, Format Version 12.00
# Visual Studio Version 16
VisualStudioVersion = 16.0.29318.209
MinimumVisualStudioVersion = 10.0.40219.1
Project("{FAE04EC0-301F-11D3-BF4B-00C04F79EFBC}") = "Get-Writable", "Get-Writable\Get-Writable.csproj", "{4903FFD5-E114-45CB-9DC1-BA5760274F7E}"
EndProject
Global
	GlobalSection(SolutionConfigurationPlatforms) = preSolution
		Debug|Any CPU = Debug|Any CPU
		Release|Any CPU = Release|Any CPU
	EndGlobalSection
	GlobalSection(ProjectConfigurationPlatforms) = postSolution
		{4903FFD5-E114-45CB-9DC1-BA5760274F7E}.Debug|Any CPU.ActiveCfg = Debug|Any CPU
		{4903FFD5-E114-45CB-9DC1-BA5760274F7E}.Debug|Any CPU.Build.0 = Debug|Any CPU
		{4903FFD5-E114-45CB-9DC1-BA5760274F7E}.Release|Any CPU.ActiveCfg = Release|Any CPU
		{4903FFD5-E114-45CB-9DC1-BA5760274F7E}.Release|Any CPU.Build.0 = Release|Any CPU
	EndGlobalSection
	GlobalSection(SolutionProperties) = preSolution
		HideSolutionNode = FALSE
	EndGlobalSection
	GlobalSection(ExtensibilityGlobals) = postSolution
		SolutionGuid = {A90C3F7C-2F12-45C5-AD92-98C1EA1A85C0}
	EndGlobalSection
EndGlobal
