
Microsoft Visual Studio Solution File, Format Version 12.00
# Visual Studio Version 16
VisualStudioVersion = 16.0.29318.209
MinimumVisualStudioVersion = 10.0.40219.1
Project("{FAE04EC0-301F-11D3-BF4B-00C04F79EFBC}") = "GetUsersSPN", "GetUsersSPN\GetUsersSPN.csproj", "{8E7F288D-DB6A-405E-BCBE-EC0CA0C8E6F5}"
EndProject
Global
	GlobalSection(SolutionConfigurationPlatforms) = preSolution
		Debug|Any CPU = Debug|Any CPU
		Release|Any CPU = Release|Any CPU
	EndGlobalSection
	GlobalSection(ProjectConfigurationPlatforms) = postSolution
		{8E7F288D-DB6A-405E-BCBE-EC0CA0C8E6F5}.Debug|Any CPU.ActiveCfg = Debug|Any CPU
		{8E7F288D-DB6A-405E-BCBE-EC0CA0C8E6F5}.Debug|Any CPU.Build.0 = Debug|Any CPU
		{8E7F288D-DB6A-405E-BCBE-EC0CA0C8E6F5}.Release|Any CPU.ActiveCfg = Release|Any CPU
		{8E7F288D-DB6A-405E-BCBE-EC0CA0C8E6F5}.Release|Any CPU.Build.0 = Release|Any CPU
	EndGlobalSection
	GlobalSection(SolutionProperties) = preSolution
		HideSolutionNode = FALSE
	EndGlobalSection
	GlobalSection(ExtensibilityGlobals) = postSolution
		SolutionGuid = {6D78D62E-D07F-4400-A95F-2DDA3F66A95E}
	EndGlobalSection
EndGlobal
