
Microsoft Visual Studio Solution File, Format Version 12.00
# Visual Studio Version 16
VisualStudioVersion = 16.0.29318.209
MinimumVisualStudioVersion = 10.0.40219.1
Project("{FAE04EC0-301F-11D3-BF4B-00C04F79EFBC}") = "ADautoenum", "ADautoenum\ADautoenum.csproj", "{77FB15BE-D8C7-4506-804E-520AB48DFDDA}"
EndProject
Global
	GlobalSection(SolutionConfigurationPlatforms) = preSolution
		Debug|Any CPU = Debug|Any CPU
		Release|Any CPU = Release|Any CPU
	EndGlobalSection
	GlobalSection(ProjectConfigurationPlatforms) = postSolution
		{77FB15BE-D8C7-4506-804E-520AB48DFDDA}.Debug|Any CPU.ActiveCfg = Debug|Any CPU
		{77FB15BE-D8C7-4506-804E-520AB48DFDDA}.Debug|Any CPU.Build.0 = Debug|Any CPU
		{77FB15BE-D8C7-4506-804E-520AB48DFDDA}.Release|Any CPU.ActiveCfg = Release|Any CPU
		{77FB15BE-D8C7-4506-804E-520AB48DFDDA}.Release|Any CPU.Build.0 = Release|Any CPU
	EndGlobalSection
	GlobalSection(SolutionProperties) = preSolution
		HideSolutionNode = FALSE
	EndGlobalSection
	GlobalSection(ExtensibilityGlobals) = postSolution
		SolutionGuid = {7B185530-0F07-4606-A2DE-55B3442C2760}
	EndGlobalSection
EndGlobal
