
Microsoft Visual Studio Solution File, Format Version 12.00
# Visual Studio Version 16
VisualStudioVersion = 16.0.29318.209
MinimumVisualStudioVersion = 10.0.40219.1
Project("{FAE04EC0-301F-11D3-BF4B-00C04F79EFBC}") = "amsipatch64", "amsibypass\amsipatch64.csproj", "{B4757267-1849-4CF7-A20E-F4104C6DF7D1}"
EndProject
Global
	GlobalSection(SolutionConfigurationPlatforms) = preSolution
		Debug|Any CPU = Debug|Any CPU
		Release|Any CPU = Release|Any CPU
	EndGlobalSection
	GlobalSection(ProjectConfigurationPlatforms) = postSolution
		{B4757267-1849-4CF7-A20E-F4104C6DF7D1}.Debug|Any CPU.ActiveCfg = Debug|Any CPU
		{B4757267-1849-4CF7-A20E-F4104C6DF7D1}.Debug|Any CPU.Build.0 = Debug|Any CPU
		{B4757267-1849-4CF7-A20E-F4104C6DF7D1}.Release|Any CPU.ActiveCfg = Release|Any CPU
		{B4757267-1849-4CF7-A20E-F4104C6DF7D1}.Release|Any CPU.Build.0 = Release|Any CPU
	EndGlobalSection
	GlobalSection(SolutionProperties) = preSolution
		HideSolutionNode = FALSE
	EndGlobalSection
	GlobalSection(ExtensibilityGlobals) = postSolution
		SolutionGuid = {5725F164-DEDB-44C0-8992-FACD020F6BC8}
	EndGlobalSection
EndGlobal
