
Microsoft Visual Studio Solution File, Format Version 12.00
# Visual Studio Version 16
VisualStudioVersion = 16.0.29318.209
MinimumVisualStudioVersion = 10.0.40219.1
Project("{FAE04EC0-301F-11D3-BF4B-00C04F79EFBC}") = "EnablePrivileges", "EnablePrivileges\EnablePrivileges.csproj", "{168FA840-D714-48B3-8445-CE176C5D08C3}"
EndProject
Global
	GlobalSection(SolutionConfigurationPlatforms) = preSolution
		Debug|Any CPU = Debug|Any CPU
		Release|Any CPU = Release|Any CPU
	EndGlobalSection
	GlobalSection(ProjectConfigurationPlatforms) = postSolution
		{168FA840-D714-48B3-8445-CE176C5D08C3}.Debug|Any CPU.ActiveCfg = Debug|Any CPU
		{168FA840-D714-48B3-8445-CE176C5D08C3}.Debug|Any CPU.Build.0 = Debug|Any CPU
		{168FA840-D714-48B3-8445-CE176C5D08C3}.Release|Any CPU.ActiveCfg = Release|Any CPU
		{168FA840-D714-48B3-8445-CE176C5D08C3}.Release|Any CPU.Build.0 = Release|Any CPU
	EndGlobalSection
	GlobalSection(SolutionProperties) = preSolution
		HideSolutionNode = FALSE
	EndGlobalSection
	GlobalSection(ExtensibilityGlobals) = postSolution
		SolutionGuid = {A14ABC1C-FC9D-4595-AFFE-BE537BCC5AB3}
	EndGlobalSection
EndGlobal
