
Microsoft Visual Studio Solution File, Format Version 12.00
# Visual Studio Version 16
VisualStudioVersion = 16.0.29318.209
MinimumVisualStudioVersion = 10.0.40219.1
Project("{FAE04EC0-301F-11D3-BF4B-00C04F79EFBC}") = "api hooking", "api hooking\api hooking.csproj", "{AF42196F-DE90-4803-AEFA-830EEF6D50D2}"
EndProject
Global
	GlobalSection(SolutionConfigurationPlatforms) = preSolution
		Debug|Any CPU = Debug|Any CPU
		Release|Any CPU = Release|Any CPU
	EndGlobalSection
	GlobalSection(ProjectConfigurationPlatforms) = postSolution
		{AF42196F-DE90-4803-AEFA-830EEF6D50D2}.Debug|Any CPU.ActiveCfg = Debug|Any CPU
		{AF42196F-DE90-4803-AEFA-830EEF6D50D2}.Debug|Any CPU.Build.0 = Debug|Any CPU
		{AF42196F-DE90-4803-AEFA-830EEF6D50D2}.Release|Any CPU.ActiveCfg = Release|Any CPU
		{AF42196F-DE90-4803-AEFA-830EEF6D50D2}.Release|Any CPU.Build.0 = Release|Any CPU
	EndGlobalSection
	GlobalSection(SolutionProperties) = preSolution
		HideSolutionNode = FALSE
	EndGlobalSection
	GlobalSection(ExtensibilityGlobals) = postSolution
		SolutionGuid = {402B87F2-BA6F-4ECF-8A09-ADEAB8431B90}
	EndGlobalSection
EndGlobal
