
Microsoft Visual Studio Solution File, Format Version 12.00
# Visual Studio Version 16
VisualStudioVersion = 16.0.29318.209
MinimumVisualStudioVersion = 10.0.40219.1
Project("{FAE04EC0-301F-11D3-BF4B-00C04F79EFBC}") = "apcinjection", "apcinjection\apcinjection.csproj", "{A6CC3E2D-78A8-4028-ABB7-A15E3BF0798F}"
EndProject
Global
	GlobalSection(SolutionConfigurationPlatforms) = preSolution
		Debug|Any CPU = Debug|Any CPU
		Release|Any CPU = Release|Any CPU
	EndGlobalSection
	GlobalSection(ProjectConfigurationPlatforms) = postSolution
		{A6CC3E2D-78A8-4028-ABB7-A15E3BF0798F}.Debug|Any CPU.ActiveCfg = Debug|Any CPU
		{A6CC3E2D-78A8-4028-ABB7-A15E3BF0798F}.Debug|Any CPU.Build.0 = Debug|Any CPU
		{A6CC3E2D-78A8-4028-ABB7-A15E3BF0798F}.Release|Any CPU.ActiveCfg = Release|Any CPU
		{A6CC3E2D-78A8-4028-ABB7-A15E3BF0798F}.Release|Any CPU.Build.0 = Release|Any CPU
	EndGlobalSection
	GlobalSection(SolutionProperties) = preSolution
		HideSolutionNode = FALSE
	EndGlobalSection
	GlobalSection(ExtensibilityGlobals) = postSolution
		SolutionGuid = {190B94AA-0BF0-4523-BE9D-33C6285353EF}
	EndGlobalSection
EndGlobal
