
Microsoft Visual Studio Solution File, Format Version 12.00
# Visual Studio Version 16
VisualStudioVersion = 16.0.29318.209
MinimumVisualStudioVersion = 10.0.40219.1
Project("{FAE04EC0-301F-11D3-BF4B-00C04F79EFBC}") = "TokenInformation", "TokenInformation\TokenInformation.csproj", "{6840AC1C-F41A-443D-895E-AA6798A239E2}"
EndProject
Global
	GlobalSection(SolutionConfigurationPlatforms) = preSolution
		Debug|Any CPU = Debug|Any CPU
		Release|Any CPU = Release|Any CPU
	EndGlobalSection
	GlobalSection(ProjectConfigurationPlatforms) = postSolution
		{6840AC1C-F41A-443D-895E-AA6798A239E2}.Debug|Any CPU.ActiveCfg = Debug|Any CPU
		{6840AC1C-F41A-443D-895E-AA6798A239E2}.Debug|Any CPU.Build.0 = Debug|Any CPU
		{6840AC1C-F41A-443D-895E-AA6798A239E2}.Release|Any CPU.ActiveCfg = Release|Any CPU
		{6840AC1C-F41A-443D-895E-AA6798A239E2}.Release|Any CPU.Build.0 = Release|Any CPU
	EndGlobalSection
	GlobalSection(SolutionProperties) = preSolution
		HideSolutionNode = FALSE
	EndGlobalSection
	GlobalSection(ExtensibilityGlobals) = postSolution
		SolutionGuid = {41E0E98B-26DA-473C-B75C-CCBDFE4C6479}
	EndGlobalSection
EndGlobal
