
Microsoft Visual Studio Solution File, Format Version 12.00
# Visual Studio Version 16
VisualStudioVersion = 16.0.29318.209
MinimumVisualStudioVersion = 10.0.40219.1
Project("{FAE04EC0-301F-11D3-BF4B-00C04F79EFBC}") = "sectionmap", "sectionmap\sectionmap.csproj", "{A5B23AEA-B6BA-47FE-A936-5B53FC26C39D}"
EndProject
Global
	GlobalSection(SolutionConfigurationPlatforms) = preSolution
		Debug|Any CPU = Debug|Any CPU
		Release|Any CPU = Release|Any CPU
	EndGlobalSection
	GlobalSection(ProjectConfigurationPlatforms) = postSolution
		{A5B23AEA-B6BA-47FE-A936-5B53FC26C39D}.Debug|Any CPU.ActiveCfg = Debug|Any CPU
		{A5B23AEA-B6BA-47FE-A936-5B53FC26C39D}.Debug|Any CPU.Build.0 = Debug|Any CPU
		{A5B23AEA-B6BA-47FE-A936-5B53FC26C39D}.Release|Any CPU.ActiveCfg = Release|Any CPU
		{A5B23AEA-B6BA-47FE-A936-5B53FC26C39D}.Release|Any CPU.Build.0 = Release|Any CPU
	EndGlobalSection
	GlobalSection(SolutionProperties) = preSolution
		HideSolutionNode = FALSE
	EndGlobalSection
	GlobalSection(ExtensibilityGlobals) = postSolution
		SolutionGuid = {AEA68AA5-DD1D-45C0-BA19-928A2F10EE77}
	EndGlobalSection
EndGlobal
